
Microsoft Visual Studio Solution File, Format Version 12.00
# Visual Studio 15
VisualStudioVersion = 15.0.27004.2005
MinimumVisualStudioVersion = 10.0.40219.1
Project("{FAE04EC0-301F-11D3-BF4B-00C04F79EFBC}") = "Pseudocode", "Pseudocode\Pseudocode.csproj", "{CC3FC0C4-9681-4DC6-88A7-7CF3D6E00DA0}"
EndProject
Project("{FAE04EC0-301F-11D3-BF4B-00C04F79EFBC}") = "1_Blackjack", "1_Blackjack\1_Blackjack.csproj", "{51C5B931-B138-4E1E-8261-833371A5BCD3}"
EndProject
Project("{FAE04EC0-301F-11D3-BF4B-00C04F79EFBC}") = "2_Blackjack draft", "2_Blackjack draft\2_Blackjack draft.csproj", "{17845577-5A5C-4109-8CEA-1E60C4A785DC}"
EndProject
Project("{FAE04EC0-301F-11D3-BF4B-00C04F79EFBC}") = "Blackjack_2", "Blackjack_2\Blackjack_2.csproj", "{F5B60630-BC66-43BB-872B-B8F8980B1533}"
EndProject
Project("{FAE04EC0-301F-11D3-BF4B-00C04F79EFBC}") = "Blackjack_homework", "Blackjack_homework\Blackjack_homework.csproj", "{042CBE77-E81A-441C-88A6-4E1F5F0FD896}"
EndProject
Global
	GlobalSection(SolutionConfigurationPlatforms) = preSolution
		Debug|Any CPU = Debug|Any CPU
		Release|Any CPU = Release|Any CPU
	EndGlobalSection
	GlobalSection(ProjectConfigurationPlatforms) = postSolution
		{CC3FC0C4-9681-4DC6-88A7-7CF3D6E00DA0}.Debug|Any CPU.ActiveCfg = Debug|Any CPU
		{CC3FC0C4-9681-4DC6-88A7-7CF3D6E00DA0}.Debug|Any CPU.Build.0 = Debug|Any CPU
		{CC3FC0C4-9681-4DC6-88A7-7CF3D6E00DA0}.Release|Any CPU.ActiveCfg = Release|Any CPU
		{CC3FC0C4-9681-4DC6-88A7-7CF3D6E00DA0}.Release|Any CPU.Build.0 = Release|Any CPU
		{51C5B931-B138-4E1E-8261-833371A5BCD3}.Debug|Any CPU.ActiveCfg = Debug|Any CPU
		{51C5B931-B138-4E1E-8261-833371A5BCD3}.Debug|Any CPU.Build.0 = Debug|Any CPU
		{51C5B931-B138-4E1E-8261-833371A5BCD3}.Release|Any CPU.ActiveCfg = Release|Any CPU
		{51C5B931-B138-4E1E-8261-833371A5BCD3}.Release|Any CPU.Build.0 = Release|Any CPU
		{17845577-5A5C-4109-8CEA-1E60C4A785DC}.Debug|Any CPU.ActiveCfg = Debug|Any CPU
		{17845577-5A5C-4109-8CEA-1E60C4A785DC}.Debug|Any CPU.Build.0 = Debug|Any CPU
		{17845577-5A5C-4109-8CEA-1E60C4A785DC}.Release|Any CPU.ActiveCfg = Release|Any CPU
		{17845577-5A5C-4109-8CEA-1E60C4A785DC}.Release|Any CPU.Build.0 = Release|Any CPU
		{F5B60630-BC66-43BB-872B-B8F8980B1533}.Debug|Any CPU.ActiveCfg = Debug|Any CPU
		{F5B60630-BC66-43BB-872B-B8F8980B1533}.Debug|Any CPU.Build.0 = Debug|Any CPU
		{F5B60630-BC66-43BB-872B-B8F8980B1533}.Release|Any CPU.ActiveCfg = Release|Any CPU
		{F5B60630-BC66-43BB-872B-B8F8980B1533}.Release|Any CPU.Build.0 = Release|Any CPU
		{042CBE77-E81A-441C-88A6-4E1F5F0FD896}.Debug|Any CPU.ActiveCfg = Debug|Any CPU
		{042CBE77-E81A-441C-88A6-4E1F5F0FD896}.Debug|Any CPU.Build.0 = Debug|Any CPU
		{042CBE77-E81A-441C-88A6-4E1F5F0FD896}.Release|Any CPU.ActiveCfg = Release|Any CPU
		{042CBE77-E81A-441C-88A6-4E1F5F0FD896}.Release|Any CPU.Build.0 = Release|Any CPU
	EndGlobalSection
	GlobalSection(SolutionProperties) = preSolution
		HideSolutionNode = FALSE
	EndGlobalSection
	GlobalSection(ExtensibilityGlobals) = postSolution
		SolutionGuid = {7DBA0669-56ED-4EF0-A757-E8958A73C587}
	EndGlobalSection
EndGlobal
