
Microsoft Visual Studio Solution File, Format Version 12.00
# Visual Studio 15
VisualStudioVersion = 15.0.27004.2005
MinimumVisualStudioVersion = 10.0.40219.1
Project("{FAE04EC0-301F-11D3-BF4B-00C04F79EFBC}") = "01_exercise", "01_exercise\01_exercise.csproj", "{4DE9D695-A0D0-47FE-ACC2-9C3C9697BC2F}"
EndProject
Project("{FAE04EC0-301F-11D3-BF4B-00C04F79EFBC}") = "02_exercise", "02_exercise\02_exercise.csproj", "{BD7156BF-E35F-4BE9-94E0-6F631C27DB52}"
EndProject
Project("{FAE04EC0-301F-11D3-BF4B-00C04F79EFBC}") = "03_exercise", "03_exercise\03_exercise.csproj", "{D7AEDE2E-C95B-4AA1-BC74-43C90F13BC33}"
EndProject
Project("{FAE04EC0-301F-11D3-BF4B-00C04F79EFBC}") = "04_exercise", "04_exercise\04_exercise.csproj", "{D6B20E0D-1993-467A-8DCE-3E4C72634B0B}"
EndProject
Project("{FAE04EC0-301F-11D3-BF4B-00C04F79EFBC}") = "05_exercise", "05_exercise\05_exercise.csproj", "{7D753B1E-FFB6-4EE5-A1E4-4ECDE564851E}"
EndProject
Global
	GlobalSection(SolutionConfigurationPlatforms) = preSolution
		Debug|Any CPU = Debug|Any CPU
		Release|Any CPU = Release|Any CPU
	EndGlobalSection
	GlobalSection(ProjectConfigurationPlatforms) = postSolution
		{4DE9D695-A0D0-47FE-ACC2-9C3C9697BC2F}.Debug|Any CPU.ActiveCfg = Debug|Any CPU
		{4DE9D695-A0D0-47FE-ACC2-9C3C9697BC2F}.Debug|Any CPU.Build.0 = Debug|Any CPU
		{4DE9D695-A0D0-47FE-ACC2-9C3C9697BC2F}.Release|Any CPU.ActiveCfg = Release|Any CPU
		{4DE9D695-A0D0-47FE-ACC2-9C3C9697BC2F}.Release|Any CPU.Build.0 = Release|Any CPU
		{BD7156BF-E35F-4BE9-94E0-6F631C27DB52}.Debug|Any CPU.ActiveCfg = Debug|Any CPU
		{BD7156BF-E35F-4BE9-94E0-6F631C27DB52}.Debug|Any CPU.Build.0 = Debug|Any CPU
		{BD7156BF-E35F-4BE9-94E0-6F631C27DB52}.Release|Any CPU.ActiveCfg = Release|Any CPU
		{BD7156BF-E35F-4BE9-94E0-6F631C27DB52}.Release|Any CPU.Build.0 = Release|Any CPU
		{D7AEDE2E-C95B-4AA1-BC74-43C90F13BC33}.Debug|Any CPU.ActiveCfg = Debug|Any CPU
		{D7AEDE2E-C95B-4AA1-BC74-43C90F13BC33}.Debug|Any CPU.Build.0 = Debug|Any CPU
		{D7AEDE2E-C95B-4AA1-BC74-43C90F13BC33}.Release|Any CPU.ActiveCfg = Release|Any CPU
		{D7AEDE2E-C95B-4AA1-BC74-43C90F13BC33}.Release|Any CPU.Build.0 = Release|Any CPU
		{D6B20E0D-1993-467A-8DCE-3E4C72634B0B}.Debug|Any CPU.ActiveCfg = Debug|Any CPU
		{D6B20E0D-1993-467A-8DCE-3E4C72634B0B}.Debug|Any CPU.Build.0 = Debug|Any CPU
		{D6B20E0D-1993-467A-8DCE-3E4C72634B0B}.Release|Any CPU.ActiveCfg = Release|Any CPU
		{D6B20E0D-1993-467A-8DCE-3E4C72634B0B}.Release|Any CPU.Build.0 = Release|Any CPU
		{7D753B1E-FFB6-4EE5-A1E4-4ECDE564851E}.Debug|Any CPU.ActiveCfg = Debug|Any CPU
		{7D753B1E-FFB6-4EE5-A1E4-4ECDE564851E}.Debug|Any CPU.Build.0 = Debug|Any CPU
		{7D753B1E-FFB6-4EE5-A1E4-4ECDE564851E}.Release|Any CPU.ActiveCfg = Release|Any CPU
		{7D753B1E-FFB6-4EE5-A1E4-4ECDE564851E}.Release|Any CPU.Build.0 = Release|Any CPU
	EndGlobalSection
	GlobalSection(SolutionProperties) = preSolution
		HideSolutionNode = FALSE
	EndGlobalSection
	GlobalSection(ExtensibilityGlobals) = postSolution
		SolutionGuid = {739ADC41-D076-49EB-A0C4-AECB38D6F200}
	EndGlobalSection
EndGlobal
